Microsoft Visual Studio Solution File, Format Version 12.00
# Visual Studio Version 17
VisualStudioVersion = 17.0.31903.59
MinimumVisualStudioVersion = 10.0.40219.1
Project("{2150E333-8FDC-42A3-9474-1A3956D46DE8}") = "src", "src", "{1B2C3D45-6789-0ABC-DEF1-234567890123}"
EndProject
Project("{2150E333-8FDC-42A3-9474-1A3956D46DE8}") = "Client", "Client", "{2B3C4D56-7890-1BCD-EF23-456789012345}"
EndProject
Project("{2150E333-8FDC-42A3-9474-1A3956D46DE8}") = "Server", "Server", "{3C4D5E67-8901-2CDE-F345-678901234567}"
EndProject
Project("{FAE04EC0-301F-11D3-BF4B-00C04F79EFBC}") = "GameLANVPN.Core", "src\Client\GameLANVPN.Core\GameLANVPN.Core.csproj", "{4D5E6F78-9012-3DEF-4567-890123456789}"
EndProject
Project("{FAE04EC0-301F-11D3-BF4B-00C04F79EFBC}") = "GameLANVPN.Client", "src\Client\GameLANVPN.Client\GameLANVPN.Client.csproj", "{5E6F7890-0123-4EF0-5678-901234567890}"
EndProject
Project("{FAE04EC0-301F-11D3-BF4B-00C04F79EFBC}") = "GameLANVPN.UI", "src\Client\GameLANVPN.UI\GameLANVPN.UI.csproj", "{6F789012-1234-5F01-6789-012345678901}"
EndProject
Project("{FAE04EC0-301F-11D3-BF4B-00C04F79EFBC}") = "GameLANVPN.Server", "src\Server\GameLANVPN.Server\GameLANVPN.Server.csproj", "{7890ABCD-2345-6012-7890-123456789012}"
EndProject
Project("{FAE04EC0-301F-11D3-BF4B-00C04F79EFBC}") = "GameLANVPN.API", "src\Server\GameLANVPN.API\GameLANVPN.API.csproj", "{890BCDEF-3456-7123-8901-234567890123}"
EndProject
Global
	GlobalSection(SolutionConfigurationPlatforms) = preSolution
		Debug|Any CPU = Debug|Any CPU
		Release|Any CPU = Release|Any CPU
	EndGlobalSection
	GlobalSection(ProjectConfigurationPlatforms) = postSolution
		{4D5E6F78-9012-3DEF-4567-890123456789}.Debug|Any CPU.ActiveCfg = Debug|Any CPU
		{4D5E6F78-9012-3DEF-4567-890123456789}.Debug|Any CPU.Build.0 = Debug|Any CPU
		{4D5E6F78-9012-3DEF-4567-890123456789}.Release|Any CPU.ActiveCfg = Release|Any CPU
		{4D5E6F78-9012-3DEF-4567-890123456789}.Release|Any CPU.Build.0 = Release|Any CPU
		{5E6F7890-0123-4EF0-5678-901234567890}.Debug|Any CPU.ActiveCfg = Debug|Any CPU
		{5E6F7890-0123-4EF0-5678-901234567890}.Debug|Any CPU.Build.0 = Debug|Any CPU
		{5E6F7890-0123-4EF0-5678-901234567890}.Release|Any CPU.ActiveCfg = Release|Any CPU
		{5E6F7890-0123-4EF0-5678-901234567890}.Release|Any CPU.Build.0 = Release|Any CPU
		{6F789012-1234-5F01-6789-012345678901}.Debug|Any CPU.ActiveCfg = Debug|Any CPU
		{6F789012-1234-5F01-6789-012345678901}.Debug|Any CPU.Build.0 = Debug|Any CPU
		{6F789012-1234-5F01-6789-012345678901}.Release|Any CPU.ActiveCfg = Release|Any CPU
		{6F789012-1234-5F01-6789-012345678901}.Release|Any CPU.Build.0 = Release|Any CPU
		{7890ABCD-2345-6012-7890-123456789012}.Debug|Any CPU.ActiveCfg = Debug|Any CPU
		{7890ABCD-2345-6012-7890-123456789012}.Debug|Any CPU.Build.0 = Debug|Any CPU
		{7890ABCD-2345-6012-7890-123456789012}.Release|Any CPU.ActiveCfg = Release|Any CPU
		{7890ABCD-2345-6012-7890-123456789012}.Release|Any CPU.Build.0 = Release|Any CPU
		{890BCDEF-3456-7123-8901-234567890123}.Debug|Any CPU.ActiveCfg = Debug|Any CPU
		{890BCDEF-3456-7123-8901-234567890123}.Debug|Any CPU.Build.0 = Debug|Any CPU
		{890BCDEF-3456-7123-8901-234567890123}.Release|Any CPU.ActiveCfg = Release|Any CPU
		{890BCDEF-3456-7123-8901-234567890123}.Release|Any CPU.Build.0 = Release|Any CPU
	EndGlobalSection
	GlobalSection(NestedProjects) = preSolution
		{2B3C4D56-7890-1BCD-EF23-456789012345} = {1B2C3D45-6789-0ABC-DEF1-234567890123}
		{3C4D5E67-8901-2CDE-F345-678901234567} = {1B2C3D45-6789-0ABC-DEF1-234567890123}
		{4D5E6F78-9012-3DEF-4567-890123456789} = {2B3C4D56-7890-1BCD-EF23-456789012345}
		{5E6F7890-0123-4EF0-5678-901234567890} = {2B3C4D56-7890-1BCD-EF23-456789012345}
		{6F789012-1234-5F01-6789-012345678901} = {2B3C4D56-7890-1BCD-EF23-456789012345}
		{7890ABCD-2345-6012-7890-123456789012} = {3C4D5E67-8901-2CDE-F345-678901234567}
		{890BCDEF-3456-7123-8901-234567890123} = {3C4D5E67-8901-2CDE-F345-678901234567}
	EndGlobalSection
EndGlobal